
Microsoft Visual Studio Solution File, Format Version 12.00
# Visual Studio Version 16
VisualStudioVersion = 16.0.30413.136
MinimumVisualStudioVersion = 10.0.40219.1
Project("{FAE04EC0-301F-11D3-BF4B-00C04F79EFBC}") = "2C_HRManager", "2C_HRManager.csproj", "{737FAA89-A3C1-4803-8E1F-490C3FDA070B}"
EndProject
Global
	GlobalSection(SolutionConfigurationPlatforms) = preSolution
		Debug|Any CPU = Debug|Any CPU
		Release|Any CPU = Release|Any CPU
	EndGlobalSection
	GlobalSection(ProjectConfigurationPlatforms) = postSolution
		{737FAA89-A3C1-4803-8E1F-490C3FDA070B}.Debug|Any CPU.ActiveCfg = Debug|Any CPU
		{737FAA89-A3C1-4803-8E1F-490C3FDA070B}.Debug|Any CPU.Build.0 = Debug|Any CPU
		{737FAA89-A3C1-4803-8E1F-490C3FDA070B}.Release|Any CPU.ActiveCfg = Release|Any CPU
		{737FAA89-A3C1-4803-8E1F-490C3FDA070B}.Release|Any CPU.Build.0 = Release|Any CPU
	EndGlobalSection
	GlobalSection(SolutionProperties) = preSolution
		HideSolutionNode = FALSE
	EndGlobalSection
	GlobalSection(ExtensibilityGlobals) = postSolution
		SolutionGuid = {D8079523-6615-4A7B-A621-54346843A492}
	EndGlobalSection
EndGlobal
